version = 1
revision = 3
requires-python = ">=3.13"

[[package]]
name = "anyio"
version = "4.15.1"
source = { registry = "https://pypi.org/simple" }
dependencies = [
    { name = "idna" },
    { name = "typing-extensions", marker = "python_full_version < '3.15'" },
]
sdist = { url = "https://files.pythonhosted.org/packages/a9/d2/f4d173e22df740bc37b1db102b386ba719b66e95b0f0d751f556b387e6d2/anyio-4.15.1.tar.gz", hash = "sha256:9f28306018cbd6d329e64a36d58256edff76dd996fe423bc957326e578b82a94", size = 276966, upload-time = "2026-09-05T10:42:39.44Z" }
wheels = [
    { url = "https://files.pythonhosted.org/packages/12/b8/4bd346e22b28902df4d651910f5242c28d84e4a5c2435ca5c3f797ed7e2e/anyio-4.15.1-py3-none-any.whl", hash = "sha256:6152fdbbf9a77fdec97731721bebf7c4c44f7c29b424b0065826173efc7ed101", size = 132079, upload-time = "2026-09-05T10:42:37.923Z" },
]

[[package]]
name = "idna"
version = "3.20"
source = { registry = "https://pypi.org/simple" }
sdist = { url = "https://files.pythonhosted.org/packages/f5/08/8eea9d4b8302028f3abb2c0813953f7aec26d33b7a8960ed760e65ff29fa/idna-3.20.tar.gz", hash = "sha256:a7db850025b95ded1eae8a46181a1a6c56c92c96f0e2b005d9ff8dc0210cab44", size = 216463, upload-time = "2026-09-17T14:11:04.752Z" }
wheels = [
    { url = "https://files.pythonhosted.org/packages/58/a2/bb081bab032533a855d44de1d56f8e8426114ff1ba5d1f07a438a0a654f8/idna-3.20-py3-none-any.whl", hash = "sha256:ab7ae7122974553370f0bdb919e1a960b2cd1bc1ef0276416d896db81c14582c", size = 69583, upload-time = "2026-09-17T14:11:03.168Z" },
]

[[package]]
name = "libsass"
version = "0.23.0"
source = { registry = "https://pypi.org/simple" }
sdist = { url = "https://files.pythonhosted.org/packages/79/b4/ab091585eaa77299558e3289ca206846aefc123fb320b5656ab2542c20ad/libsass-0.23.0.tar.gz", hash = "sha256:6f209955ede26684e76912caf329f4ccb57e4a043fd77fe0e7348dd9574f1880", size = 316068, upload-time = "2024-01-06T18:53:05.404Z" }
wheels = [
    { url = "https://files.pythonhosted.org/packages/e5/13/fc1bea1de880ca935137183727c7d4dd921c4128fc08b8ddc3698ba5a8a3/libsass-0.23.0-cp38-abi3-macosx_11_0_x86_64.whl", hash = "sha256:34cae047cbbfc4ffa832a61cbb110f3c95f5471c6170c842d3fed161e40814dc", size = 1086783, upload-time = "2024-01-06T19:02:38.903Z" },
    { url = "https://files.pythonhosted.org/packages/55/2f/6af938651ff3aec0a0b00742209df1172bc297fa73531f292801693b7315/libsass-0.23.0-cp38-abi3-macosx_14_0_arm64.whl", hash = "sha256:ea97d1b45cdc2fc3590cb9d7b60f1d8915d3ce17a98c1f2d4dd47ee0d9c68ce6", size = 982759, upload-time = "2024-01-06T19:02:41.331Z" },
    { url = "https://files.pythonhosted.org/packages/fd/5a/eb5b62641df0459a3291fc206cf5bd669c0feed7814dded8edef4ade8512/libsass-0.23.0-cp38-abi3-manylinux_2_5_x86_64.manylinux1_x86_64.whl", hash = "sha256:4a218406d605f325d234e4678bd57126a66a88841cb95bee2caeafdc6f138306", size = 9444543, upload-time = "2024-01-06T19:02:43.191Z" },
    { url = "https://files.pythonhosted.org/packages/e5/fc/275783f5120970d859ae37d04b6a60c13bdec2aa4294b9dfa8a37b5c2513/libsass-0.23.0-cp38-abi3-win32.whl", hash = "sha256:31e86d92a5c7a551df844b72d83fc2b5e50abc6fbbb31e296f7bebd6489ed1b4", size = 775481, upload-time = "2024-01-06T19:02:46.05Z" },
    { url = "https://files.pythonhosted.org/packages/ef/20/caf3c7cf2432d85263119798c45221ddf67bdd7dae8f626d14ff8db04040/libsass-0.23.0-cp38-abi3-win_amd64.whl", hash = "sha256:a2ec85d819f353cbe807432d7275d653710d12b08ec7ef61c124a580a8352f3c", size = 872914, upload-time = "2024-01-06T19:02:47.61Z" },
]

[[package]]
name = "mattbeaudin-github-io"
version = "0.1.0"
source = { virtual = "." }
dependencies = [
    { name = "libsass" },
    { name = "watchfiles" },
]

[package.metadata]
requires-dist = [
    { name = "libsass", specifier = ">=0.23.0" },
    { name = "watchfiles", specifier = ">=1.3.0" },
]

[[package]]
name = "typing-extensions"
version = "4.16.0"
source = { registry = "https://pypi.org/simple" }
sdist = { url = "https://files.pythonhosted.org/packages/f6/cc/6253133b5bb138fc3306cebfbda2c520f545d36b5be2c7255cc528bb45d6/typing_extensions-4.16.0.tar.gz", hash = "sha256:dc983d19a509c94dba722ee6abd33940f7c05a89e243c47e907eb4db6f1a43e5", size = 113555, upload-time = "2026-07-02T08:40:05.92Z" }
wheels = [
    { url = "https://files.pythonhosted.org/packages/49/d3/b8441a820a491ddfc024b0b0cf0393375b75ea13866d9c66727e54c2fc80/typing_extensions-4.16.0-py3-none-any.whl", hash = "sha256:481caa481374e813c1b176ada14e97f1f67a4539ce9cfeb3f350d78d6370c2e8", size = 45571, upload-time = "2026-07-02T08:40:04.659Z" },
]

[[package]]
name = "watchfiles"
version = "1.3.0"
source = { registry = "https://pypi.org/simple" }
dependencies = [
    { name = "anyio" },
]
sdist = { url = "https://files.pythonhosted.org/packages/b3/68/e6aa0b77d217b31f8f486ec0cdfe5e00e6e38dc0be657e7d85819b9faf0a/watchfiles-1.3.0.tar.gz", hash = "sha256:99aee4a07847c06820765fd7b1b49ceac4f3f711ccb7d104655a33231de1c207", size = 108119, upload-time = "2026-09-21T09:08:55.664Z" }
wheels = [
    { url = "https://files.pythonhosted.org/packages/68/fa/c0b840d5d8bafe640925408ce11095948c8945bb61be1e67d0ab629b872a/watchfiles-1.3.0-cp310-abi3-macosx_10_12_x86_64.whl", hash = "sha256:000b9688fc8133037a8b075c8ebf98f32844ff8964dda61e85c1db547dafc441", size = 399703, upload-time = "2026-09-21T09:08:13.518Z" },
    { url = "https://files.pythonhosted.org/packages/c7/8a/894799b485fe9473ad10422a0d9668e53fb78e3a2b5cc6061159572844ad/watchfiles-1.3.0-cp310-abi3-macosx_11_0_arm64.whl", hash = "sha256:bbc1198edfdc90fda0600f825aa94150f428dfcbf8138746f55998e0e660d64c", size = 397647, upload-time = "2026-09-21T09:08:15.16Z" },
    { url = "https://files.pythonhosted.org/packages/5a/61/f277cd5ead05f5d37b98b41fbdd0c943ee0c04d49738f62e902cb291cf43/watchfiles-1.3.0-cp310-abi3-manylinux_2_17_aarch64.manylinux2014_aarch64.whl", hash = "sha256:4af9c464d410e8c44b58ddf1cbec7c3a02c1cb2c6c80df9c74659ba2fbda0ab5", size = 454994, upload-time = "2026-09-21T09:08:16.587Z" },
    { url = "https://files.pythonhosted.org/packages/46/66/ea4c01382975e53b1ac1b0a0ea1b353416b8127fb6e04f5c1c313119aab6/watchfiles-1.3.0-cp310-abi3-manylinux_2_17_armv7l.manylinux2014_armv7l.whl", hash = "sha256:eb94e40b9a0db19636b5e3fed0a9803452ecc7381df13b385272abb779ee83ca", size = 460105, upload-time = "2026-09-21T09:08:17.961Z" },
    { url = "https://files.pythonhosted.org/packages/31/c3/1a501b597817096c9831c255f6270c124ce0e2faeb74124be24dcc93b86d/watchfiles-1.3.0-cp310-abi3-manylinux_2_17_i686.manylinux2014_i686.whl", hash = "sha256:7398930a2b76b9dc67a4e6b8bfc7baf30946892a86f417a3920c07bdd6febc30", size = 493761, upload-time = "2026-09-21T09:08:19.327Z" },
    { url = "https://files.pythonhosted.org/packages/5a/16/77352d05e152c7786a016e9f1decdb4507e8aa5bcf3343c72142a0413d14/watchfiles-1.3.0-cp310-abi3-manylinux_2_17_ppc64le.manylinux2014_ppc64le.whl", hash = "sha256:025b108f2d5cc2799cb941f79380df3e8b22bfb589c218e801767fe78d598c95", size = 577500, upload-time = "2026-09-21T09:08:20.723Z" },
    { url = "https://files.pythonhosted.org/packages/95/fe/81001c55b24466fe9911135e50269fd3a29f43e446627a92adfab54553b6/watchfiles-1.3.0-cp310-abi3-manylinux_2_17_s390x.manylinux2014_s390x.whl", hash = "sha256:be9ef3cd403d756a304a0a08a112163c63da7ec72c8c9d083c98818291ff8f29", size = 469209, upload-time = "2026-09-21T09:08:22.346Z" },
    { url = "https://files.pythonhosted.org/packages/8a/cf/e3ad894ed5909a7c44b0707e89bc25d19a3d78b3a7aec846119443b6ae56/watchfiles-1.3.0-cp310-abi3-manylinux_2_17_x86_64.manylinux2014_x86_64.whl", hash = "sha256:b5768b49e426fd5b550b012c866db347cdf15c398ef98dc557b6e6b72fa74cd1", size = 458353, upload-time = "2026-09-21T09:08:23.7Z" },
    { url = "https://files.pythonhosted.org/packages/7f/f5/2f106829e6e2bc91ad74614730f6df484202b9a4d20d927dbf2f08d37d44/watchfiles-1.3.0-cp310-abi3-manylinux_2_31_riscv64.whl", hash = "sha256:d36c72fcdc08f143d87316a4c4c3b064e340da2c7383d39803950740ed418935", size = 468707, upload-time = "2026-09-21T09:08:25.167Z" },
    { url = "https://files.pythonhosted.org/packages/15/37/2741ab776b978669c1f3bba1e573f1a184f727ab8b4d3a6d9c61090800ed/watchfiles-1.3.0-cp310-abi3-musllinux_1_1_aarch64.whl", hash = "sha256:f0c9865240e065a2247f4b5248528ae3d01e0e8ae071462c250c884dc16e3ee3", size = 632510, upload-time = "2026-09-21T09:08:26.532Z" },
    { url = "https://files.pythonhosted.org/packages/48/64/db4a4684275fe9b696ee5118c194705c1423b3d42181c3f8ee70194d5c73/watchfiles-1.3.0-cp310-abi3-musllinux_1_1_x86_64.whl", hash = "sha256:380f513d26cc2e598266b88d66456e07d67ef4be8f0f435a1154d9c44b43d509", size = 661723, upload-time = "2026-09-21T09:08:28.004Z" },
    { url = "https://files.pythonhosted.org/packages/52/80/95ddb24f6a2f595c031c24432ab7b8aa7d6d1ada0c6d63a552166e06e8d1/watchfiles-1.3.0-cp310-abi3-win32.whl", hash = "sha256:509d9f74d2bec5c1f4cd868ddcfe0c9601f7ea53066dfcb19d8ede742c4de661", size = 277761, upload-time = "2026-09-21T09:08:29.335Z" },
    { url = "https://files.pythonhosted.org/packages/48/a1/1c4a1b3c8030cd03206232612be8a6e8799093490c220b0fcb935d02b75a/watchfiles-1.3.0-cp310-abi3-win_amd64.whl", hash = "sha256:1acabde19b67e673274e89a04d613b7fb1f122e2c4b8ec9a581e59c149264b61", size = 290643, upload-time = "2026-09-21T09:08:30.45Z" },
    { url = "https://files.pythonhosted.org/packages/82/e0/d2db577c632d26d08078c4390dd870b8555c4e558df25d22270f0166c71f/watchfiles-1.3.0-cp310-abi3-win_arm64.whl", hash = "sha256:d978cc1dd7ba44f5590d7de74f7a9c8be7262d9e469c2c0efb8bbfc2574321dc", size = 285510, upload-time = "2026-09-21T09:08:31.561Z" },
    { url = "https://files.pythonhosted.org/packages/4f/55/a122743607939429ab6a7272672f49303aa02bbd34c3f06676765a3861de/watchfiles-1.3.0-cp314-cp314t-macosx_10_12_x86_64.whl", hash = "sha256:e0204f90677b7fb8d3a824279a71a01166bea9f6e53923b8056592d87b33b0b6", size = 395978, upload-time = "2026-09-21T09:08:32.747Z" },
    { url = "https://files.pythonhosted.org/packages/3e/9d/0ee1b0ea42acfe72afa2484f0222e2386dd09992e9034a81e63cc3cdab0a/watchfiles-1.3.0-cp314-cp314t-macosx_11_0_arm64.whl", hash = "sha256:7c1125e99f84934a92996ae343501285617373acd66f16b59fd5654b27ad8d80", size = 387997, upload-time = "2026-09-21T09:08:33.953Z" },
    { url = "https://files.pythonhosted.org/packages/b7/f2/4319c6b683e8bd28465dfc53c750617a2a07f072eb2e3ab0182ccf812229/watchfiles-1.3.0-cp314-cp314t-manylinux_2_17_aarch64.manylinux2014_aarch64.whl", hash = "sha256:a85e243c87109d9f48a2e0d10d6abdee8768cc114848b32281ec83d7f81d86ef", size = 448067, upload-time = "2026-09-21T09:08:35.104Z" },
    { url = "https://files.pythonhosted.org/packages/b7/71/9f37ac192a51a24de3a2d7fe9aac1e99b2b2668300674ff7a9f85d95beb1/watchfiles-1.3.0-cp314-cp314t-manylinux_2_17_armv7l.manylinux2014_armv7l.whl", hash = "sha256:dd538c71766c59c732e2c5cedc39323c99c11897b99f93eac773438e54af206a", size = 452881, upload-time = "2026-09-21T09:08:36.238Z" },
    { url = "https://files.pythonhosted.org/packages/34/07/1224667c32a4a96876ddd642da69733cbfe6a15897db0865aec5a882cebc/watchfiles-1.3.0-cp314-cp314t-manylinux_2_17_i686.manylinux2014_i686.whl", hash = "sha256:da213822ec9082b62cadf3008e07a8c690ec7a3c89f6dc5e55a8cf07b56a1b26", size = 484802, upload-time = "2026-09-21T09:08:37.717Z" },
    { url = "https://files.pythonhosted.org/packages/bd/4d/7f29cd87e1f826df86fc0418d0b8f370ca0311c29c618406dc492aad9951/watchfiles-1.3.0-cp314-cp314t-manylinux_2_17_ppc64le.manylinux2014_ppc64le.whl", hash = "sha256:d4593392e87669836670f87d62fc754059eaeb0e6157af44060a46558cebe5a3", size = 567522, upload-time = "2026-09-21T09:08:38.94Z" },
    { url = "https://files.pythonhosted.org/packages/e3/ac/3aa1f84abd4dbbfbae99a817dd931f77b439261c911189cad4c30fdfd470/watchfiles-1.3.0-cp314-cp314t-manylinux_2_17_s390x.manylinux2014_s390x.whl", hash = "sha256:26b81bc515a0f03f66a69a6fea86eea54c8eca4173c46dd7222569f79dd2f977", size = 461997, upload-time = "2026-09-21T09:08:40.142Z" },
    { url = "https://files.pythonhosted.org/packages/82/1c/27c66764d5b0dbb70a36770a32eca217eba739c28b24e8583a035087a3d7/watchfiles-1.3.0-cp314-cp314t-manylinux_2_17_x86_64.manylinux2014_x86_64.whl", hash = "sha256:ca39661934749df580d89f3dde266f2af7c6968f4c21c72ce2dc387d299e6aa7", size = 451856, upload-time = "2026-09-21T09:08:41.305Z" },
    { url = "https://files.pythonhosted.org/packages/1e/b3/a45827084d953c1d0dd3d75abf85dcac26a0f5d115ad2fe0b7e9e931573b/watchfiles-1.3.0-cp314-cp314t-manylinux_2_31_riscv64.whl", hash = "sha256:04c5500faa725d69a99b0f63750e80795e455bb951849e9c98a811b4324997c4", size = 459889, upload-time = "2026-09-21T09:08:42.58Z" },
    { url = "https://files.pythonhosted.org/packages/7a/3d/07740d23ce2bb23419bb24055c435a9abe5fe03efdaea1ba0720b831aab6/watchfiles-1.3.0-cp314-cp314t-musllinux_1_1_aarch64.whl", hash = "sha256:ec3cd4bb181a7b6329134204c2277c7144ab5f62cce9c5335d6f901ee7ce8d6a", size = 624482, upload-time = "2026-09-21T09:08:44.064Z" },
    { url = "https://files.pythonhosted.org/packages/91/46/9540f8123eaec86df989f26d7704cad0448d9fb7271763a4f8f9fe23617d/watchfiles-1.3.0-cp314-cp314t-musllinux_1_1_x86_64.whl", hash = "sha256:e5871d4a7f788a9f64fb06f5793389d29d171e5c32d37c3ebfd520b017cc7694", size = 653724, upload-time = "2026-09-21T09:08:45.257Z" },
    { url = "https://files.pythonhosted.org/packages/25/9d/b9deb52f1e4528ffe44338c5ebab95c32ed79203082da661de50288e130a/watchfiles-1.3.0-cp314-cp314t-win32.whl", hash = "sha256:81c989d7267bfb7b676cd32c83bec97914e396870983cbf493e29415037bff5e", size = 270863, upload-time = "2026-09-21T09:08:46.518Z" },
    { url = "https://files.pythonhosted.org/packages/59/59/8b1881afccbafda06248be4185e28034dd73c80c85e4da24f2cb0c1321eb/watchfiles-1.3.0-cp314-cp314t-win_amd64.whl", hash = "sha256:d754e049006e81a9be49dc78ba7802081cee426e968cbc63ee19e164fa2d0e39", size = 286879, upload-time = "2026-09-21T09:08:47.874Z" },
    { url = "https://files.pythonhosted.org/packages/46/dd/41c12ae9745d5d72f709333287679d71cbba68ad7678fed872207bba94f4/watchfiles-1.3.0-cp314-cp314t-win_arm64.whl", hash = "sha256:a5b631db08fd3032db57ec6a92d1777cd60f88803287e4e941a4858c53aab1e0", size = 276924, upload-time = "2026-09-21T09:08:48.976Z" },
]
